Microsoft Visual Studio Solution File, Format Version 12.00
# Visual Studio Version 17
VisualStudioVersion = 17.5.2.0
MinimumVisualStudioVersion = 10.0.40219.1
Project("{FAE04EC0-301F-11D3-BF4B-00C04F79EFBC}") = "docker.api", "docker.api\docker.api.csproj", "{104EBEC5-B692-8D0B-623C-3A1364E3DD2C}"
EndProject
Global
	GlobalSection(SolutionConfigurationPlatforms) = preSolution
		Debug|Any CPU = Debug|Any CPU
		Release|Any CPU = Release|Any CPU
	EndGlobalSection
	GlobalSection(ProjectConfigurationPlatforms) = postSolution
		{104EBEC5-B692-8D0B-623C-3A1364E3DD2C}.Debug|Any CPU.ActiveCfg = Debug|Any CPU
		{104EBEC5-B692-8D0B-623C-3A1364E3DD2C}.Debug|Any CPU.Build.0 = Debug|Any CPU
		{104EBEC5-B692-8D0B-623C-3A1364E3DD2C}.Release|Any CPU.ActiveCfg = Release|Any CPU
		{104EBEC5-B692-8D0B-623C-3A1364E3DD2C}.Release|Any CPU.Build.0 = Release|Any CPU
	EndGlobalSection
	GlobalSection(SolutionProperties) = preSolution
		HideSolutionNode = FALSE
	EndGlobalSection
	GlobalSection(ExtensibilityGlobals) = postSolution
		SolutionGuid = {EBD9B544-1B58-4686-AD56-BEDB90F8CBF8}
	EndGlobalSection
EndGlobal
